
Microsoft Visual Studio Solution File, Format Version 12.00
# Visual Studio 14
VisualStudioVersion = 14.0.25420.1
MinimumVisualStudioVersion = 10.0.40219.1
Project("{FAE04EC0-301F-11D3-BF4B-00C04F79EFBC}") = "DAL", "DAL\DAL.csproj", "{9930B09A-8B0C-4154-A82D-F9CABDA4B83D}"
EndProject
Project("{FAE04EC0-301F-11D3-BF4B-00C04F79EFBC}") = "BLL", "BLL\BLL.csproj", "{86489358-118B-4687-8264-28AAD0EA2FF6}"
EndProject
Project("{FAE04EC0-301F-11D3-BF4B-00C04F79EFBC}") = "UI", "WindowsFormsPraemium\WindowsFormsPraemium\UI.csproj", "{AB2F0731-2148-4B38-B9ED-FA82E836E791}"
EndProject
Project("{FAE04EC0-301F-11D3-BF4B-00C04F79EFBC}") = "FileGenerator", "FileGenerator\FileGenerator.csproj", "{5A48735F-77DA-48AF-9A3D-ADCAE6321FA8}"
EndProject
Project("{FAE04EC0-301F-11D3-BF4B-00C04F79EFBC}") = "DataModelLibrary", "DataModelLibrary\DataModelLibrary.csproj", "{7D4799D7-3993-4FC6-A4C6-E312ECD3C404}"
EndProject
Project("{2150E333-8FDC-42A3-9474-1A3956D46DE8}") = "StoredProcedures", "StoredProcedures", "{91E42862-9809-4F72-BD18-6853A32B1AA4}"
	ProjectSection(SolutionItems) = preProject
		StoredProcedures\DBStructure.sql = StoredProcedures\DBStructure.sql
		StoredProcedures\Delete.sql = StoredProcedures\Delete.sql
		StoredProcedures\InsertOrUpdate.sql = StoredProcedures\InsertOrUpdate.sql
		StoredProcedures\Select.sql = StoredProcedures\Select.sql
	EndProjectSection
EndProject
Global
	GlobalSection(SolutionConfigurationPlatforms) = preSolution
		Debug|Any CPU = Debug|Any CPU
		Release|Any CPU = Release|Any CPU
	EndGlobalSection
	GlobalSection(ProjectConfigurationPlatforms) = postSolution
		{9930B09A-8B0C-4154-A82D-F9CABDA4B83D}.Debug|Any CPU.ActiveCfg = Debug|Any CPU
		{9930B09A-8B0C-4154-A82D-F9CABDA4B83D}.Debug|Any CPU.Build.0 = Debug|Any CPU
		{9930B09A-8B0C-4154-A82D-F9CABDA4B83D}.Release|Any CPU.ActiveCfg = Release|Any CPU
		{9930B09A-8B0C-4154-A82D-F9CABDA4B83D}.Release|Any CPU.Build.0 = Release|Any CPU
		{86489358-118B-4687-8264-28AAD0EA2FF6}.Debug|Any CPU.ActiveCfg = Debug|Any CPU
		{86489358-118B-4687-8264-28AAD0EA2FF6}.Debug|Any CPU.Build.0 = Debug|Any CPU
		{86489358-118B-4687-8264-28AAD0EA2FF6}.Release|Any CPU.ActiveCfg = Release|Any CPU
		{86489358-118B-4687-8264-28AAD0EA2FF6}.Release|Any CPU.Build.0 = Release|Any CPU
		{AB2F0731-2148-4B38-B9ED-FA82E836E791}.Debug|Any CPU.ActiveCfg = Debug|Any CPU
		{AB2F0731-2148-4B38-B9ED-FA82E836E791}.Debug|Any CPU.Build.0 = Debug|Any CPU
		{AB2F0731-2148-4B38-B9ED-FA82E836E791}.Release|Any CPU.ActiveCfg = Release|Any CPU
		{AB2F0731-2148-4B38-B9ED-FA82E836E791}.Release|Any CPU.Build.0 = Release|Any CPU
		{5A48735F-77DA-48AF-9A3D-ADCAE6321FA8}.Debug|Any CPU.ActiveCfg = Debug|Any CPU
		{5A48735F-77DA-48AF-9A3D-ADCAE6321FA8}.Debug|Any CPU.Build.0 = Debug|Any CPU
		{5A48735F-77DA-48AF-9A3D-ADCAE6321FA8}.Release|Any CPU.ActiveCfg = Release|Any CPU
		{5A48735F-77DA-48AF-9A3D-ADCAE6321FA8}.Release|Any CPU.Build.0 = Release|Any CPU
		{7D4799D7-3993-4FC6-A4C6-E312ECD3C404}.Debug|Any CPU.ActiveCfg = Debug|Any CPU
		{7D4799D7-3993-4FC6-A4C6-E312ECD3C404}.Debug|Any CPU.Build.0 = Debug|Any CPU
		{7D4799D7-3993-4FC6-A4C6-E312ECD3C404}.Release|Any CPU.ActiveCfg = Release|Any CPU
		{7D4799D7-3993-4FC6-A4C6-E312ECD3C404}.Release|Any CPU.Build.0 = Release|Any CPU
	EndGlobalSection
	GlobalSection(SolutionProperties) = preSolution
		HideSolutionNode = FALSE
	EndGlobalSection
EndGlobal
