
Microsoft Visual Studio Solution File, Format Version 12.00
# Visual Studio 2013
VisualStudioVersion = 12.0.21005.1
MinimumVisualStudioVersion = 10.0.40219.1
Project("{FAE04EC0-301F-11D3-BF4B-00C04F79EFBC}") = "WindowsFormsPraemium", "WindowsFormsPraemium\WindowsFormsPraemium.csproj", "{AB2F0731-2148-4B38-B9ED-FA82E836E791}"
EndProject
Global
	GlobalSection(SolutionConfigurationPlatforms) = preSolution
		Debug|Any CPU = Debug|Any CPU
		Release|Any CPU = Release|Any CPU
	EndGlobalSection
	GlobalSection(ProjectConfigurationPlatforms) = postSolution
		{AB2F0731-2148-4B38-B9ED-FA82E836E791}.Debug|Any CPU.ActiveCfg = Debug|Any CPU
		{AB2F0731-2148-4B38-B9ED-FA82E836E791}.Debug|Any CPU.Build.0 = Debug|Any CPU
		{AB2F0731-2148-4B38-B9ED-FA82E836E791}.Release|Any CPU.ActiveCfg = Release|Any CPU
		{AB2F0731-2148-4B38-B9ED-FA82E836E791}.Release|Any CPU.Build.0 = Release|Any CPU
	EndGlobalSection
	GlobalSection(SolutionProperties) = preSolution
		HideSolutionNode = FALSE
	EndGlobalSection
EndGlobal
